{
  "name": "express-macaroons",
  "version": "0.0.0",
  "lockfileVersion": 1,
  "requires": true,
  "dependencies": {
    "body-parser": {
      "version": "1.17.2",
      "resolved": "https://registry.npmjs.org/body-parser/-/body-parser-1.17.2.tgz",
      "integrity": "sha1-+IkqvI+eYn1Crtr7yma/WrmRBO4=",
      "dependencies": {
        "debug": {
          "version": "2.6.7",
          "resolved": "https://registry.npmjs.org/debug/-/debug-2.6.7.tgz",
          "integrity": "sha1-krrR9tBbu2u6Isyoi80OyJTChh4="
        },
        "http-errors": {
          "version": "1.6.1",
          "resolved": "https://registry.npmjs.org/http-errors/-/http-errors-1.6.1.tgz",
          "integrity": "sha1-X4uO2YrKVFZWv1cplzh/kEpyIlc="
        },
        "ms": {
          "version": "2.0.0",
          "resolved": "https://registry.npmjs.org/ms/-/ms-2.0.0.tgz",
          "integrity": "sha1-VgiurfwAvmwpAd9fmGF4jeDVl8g="
        },
        "qs": {
          "version": "6.4.0",
          "resolved": "https://registry.npmjs.org/qs/-/qs-6.4.0.tgz",
          "integrity": "sha1-E+JtKK1rD/qpExLNO/cI7TUecjM="
        },
        "setprototypeof": {
          "version": "1.0.3",
          "resolved": "https://registry.npmjs.org/setprototypeof/-/setprototypeof-1.0.3.tgz",
          "integrity": "sha1-ZlZ+NwQ+608E2RvWWMDL77VbjgQ="
        }
      }
    },
    "cookie-parser": {
      "version": "1.4.3",
      "resolved": "https://registry.npmjs.org/cookie-parser/-/cookie-parser-1.4.3.tgz",
      "integrity": "sha1-D+MfoZ0AC5X0qt8fU/3CuKIDuqU="
    },
    "debug": {
      "version": "2.6.8",
      "resolved": "https://registry.npmjs.org/debug/-/debug-2.6.8.tgz",
      "integrity": "sha1-5zFTHKLt4n0YgiJCfaF4IdaP9Pw=",
      "dependencies": {
        "ms": {
          "version": "2.0.0",
          "resolved": "https://registry.npmjs.org/ms/-/ms-2.0.0.tgz",
          "integrity": "sha1-VgiurfwAvmwpAd9fmGF4jeDVl8g="
        }
      }
    },
    "ejs": {
      "version": "2.5.6",
      "resolved": "https://registry.npmjs.org/ejs/-/ejs-2.5.6.tgz",
      "integrity": "sha1-R5Y2v6P+Ox3r1SCH8KyyBLTxnIg="
    },
    "express": {
      "version": "4.15.3",
      "resolved": "https://registry.npmjs.org/express/-/express-4.15.3.tgz",
      "integrity": "sha1-urZdDwOqgMNYQIly/HAPkWlEtmI=",
      "dependencies": {
        "debug": {
          "version": "2.6.7",
          "resolved": "https://registry.npmjs.org/debug/-/debug-2.6.7.tgz",
          "integrity": "sha1-krrR9tBbu2u6Isyoi80OyJTChh4="
        },
        "etag": {
          "version": "1.8.0",
          "resolved": "https://registry.npmjs.org/etag/-/etag-1.8.0.tgz",
          "integrity": "sha1-b2Ma7zNtbEY2K1F2QETOIWvjwFE="
        },
        "finalhandler": {
          "version": "1.0.3",
          "resolved": "https://registry.npmjs.org/finalhandler/-/finalhandler-1.0.3.tgz",
          "integrity": "sha1-70fneVDpmXgOhgIqVg4yF+DQzIk="
        },
        "fresh": {
          "version": "0.5.0",
          "resolved": "https://registry.npmjs.org/fresh/-/fresh-0.5.0.tgz",
          "integrity": "sha1-9HTKXmqSRtb9jglTz6m5yAWvp44="
        },
        "http-errors": {
          "version": "1.6.1",
          "resolved": "https://registry.npmjs.org/http-errors/-/http-errors-1.6.1.tgz",
          "integrity": "sha1-X4uO2YrKVFZWv1cplzh/kEpyIlc="
        },
        "ms": {
          "version": "2.0.0",
          "resolved": "https://registry.npmjs.org/ms/-/ms-2.0.0.tgz",
          "integrity": "sha1-VgiurfwAvmwpAd9fmGF4jeDVl8g="
        },
        "qs": {
          "version": "6.4.0",
          "resolved": "https://registry.npmjs.org/qs/-/qs-6.4.0.tgz",
          "integrity": "sha1-E+JtKK1rD/qpExLNO/cI7TUecjM="
        },
        "send": {
          "version": "0.15.3",
          "resolved": "https://registry.npmjs.org/send/-/send-0.15.3.tgz",
          "integrity": "sha1-UBP5+ZAj31DRvZiSwZ4979HVMwk="
        },
        "serve-static": {
          "version": "1.12.3",
          "resolved": "https://registry.npmjs.org/serve-static/-/serve-static-1.12.3.tgz",
          "integrity": "sha1-n0uhni8wMMVH+K+ZEHg47DjVseI="
        },
        "setprototypeof": {
          "version": "1.0.3",
          "resolved": "https://registry.npmjs.org/setprototypeof/-/setprototypeof-1.0.3.tgz",
          "integrity": "sha1-ZlZ+NwQ+608E2RvWWMDL77VbjgQ="
        }
      }
    },
    "express-mongo-db": {
      "version": "2.0.3",
      "resolved": "https://registry.npmjs.org/express-mongo-db/-/express-mongo-db-2.0.3.tgz",
      "integrity": "sha1-cKl/hZSv3xJzb3PhoVHD8vRWl4M="
    },
    "lodash": {
      "version": "4.17.19",
      "resolved": "https://registry.npmjs.org/lodash/-/lodash-4.17.19.tgz",
      "integrity": "sha512-JNvd8XER9GQX0v2qJgsaN/mzFCNA5BRe/j8JN9d+tWyGLSodKQHKFicdwNYzWwI3wjRnaKPsGj1XkBjx/F96DQ=="
    },
    "macaroons.js": {
      "version": "0.3.8",
      "resolved": "https://registry.npmjs.org/macaroons.js/-/macaroons.js-0.3.8.tgz",
      "integrity": "sha1-fZH+Zv90xqY4flPJ2QpkaV6BsVg="
    },
    "mauth": {
      "version": "0.1.4",
      "resolved": "https://registry.npmjs.org/mauth/-/mauth-0.1.4.tgz",
      "integrity": "sha512-4Dki+qsf2KdOWks8Ac9GqLML4uov0+BUD2vp5br0eilsI4Mg+cuf0k7Wwjek8WM20bb8jyBZ1i+CfeROVd0VJA=="
    },
    "mongodb": {
      "version": "2.2.29",
      "resolved": "https://registry.npmjs.org/mongodb/-/mongodb-2.2.29.tgz",
      "integrity": "sha512-MrQvIsN6zN80I4hdFo8w46w51cIqD2FJBGsUfApX9GmjXA1aCclEAJbOHaQWjCtabeWq57S3ECzqEKg/9bdBhA=="
    },
    "morgan": {
      "version": "1.8.2",
      "resolved": "https://registry.npmjs.org/morgan/-/morgan-1.8.2.tgz",
      "integrity": "sha1-eErHc05KRTqcbm6GgKkyknXItoc=",
      "dependencies": {
        "basic-auth": {
          "version": "1.1.0",
          "resolved": "https://registry.npmjs.org/basic-auth/-/basic-auth-1.1.0.tgz",
          "integrity": "sha1-RSIe5Cn37h5QNb4/UVM/HN/SmIQ="
        }
      }
    },
    "scrypt": {
      "version": "6.0.3",
      "resolved": "https://registry.npmjs.org/scrypt/-/scrypt-6.0.3.tgz",
      "integrity": "sha1-BOAUpWgrU/pQwtXM4WfXGcBthw0="
    },
    "serve-favicon": {
      "version": "2.4.3",
      "resolved": "https://registry.npmjs.org/serve-favicon/-/serve-favicon-2.4.3.tgz",
      "integrity": "sha1-WYaxewUCZCtkHCH4GLGszjICXSM=",
      "dependencies": {
        "etag": {
          "version": "1.8.0",
          "resolved": "https://registry.npmjs.org/etag/-/etag-1.8.0.tgz",
          "integrity": "sha1-b2Ma7zNtbEY2K1F2QETOIWvjwFE="
        },
        "fresh": {
          "version": "0.5.0",
          "resolved": "https://registry.npmjs.org/fresh/-/fresh-0.5.0.tgz",
          "integrity": "sha1-9HTKXmqSRtb9jglTz6m5yAWvp44="
        },
        "ms": {
          "version": "2.0.0",
          "resolved": "https://registry.npmjs.org/ms/-/ms-2.0.0.tgz",
          "integrity": "sha1-VgiurfwAvmwpAd9fmGF4jeDVl8g="
        },
        "safe-buffer": {
          "version": "5.0.1",
          "resolved": "https://registry.npmjs.org/safe-buffer/-/safe-buffer-5.0.1.tgz",
          "integrity": "sha1-0mPKVGls2KMGtcplUekt5XkY++c="
        }
      }
    },
    "uuid": {
      "version": "3.1.0",
      "resolved": "https://registry.npmjs.org/uuid/-/uuid-3.1.0.tgz",
      "integrity": "sha512-DIWtzUkw04M4k3bf1IcpS2tngXEL26YUD2M0tMDUpnUrz2hgzUBlD55a4FjdLGPvfHxS6uluGWvaVEqgBcVa+g=="
    }
  }
}
